{
    "_meta": {
        "hash": {
            "sha256": "70a9ef13ecfa24f14b97e8234daf6d653e6842900b6049150ace96ff8c56f940"
        },
        "pipfile-spec": 6,
        "requires": {
            "python_version": "3.8"
        },
        "sources": [
            {
                "name": "pypi",
                "url": "https://pypi.org/simple",
                "verify_ssl": true
            }
        ]
    },
    "default": {
        "psycopg2": {
            "hashes": [
                "sha256:00195b5f6832dbf2876b8bf77f12bdce648224c89c880719c745b90515233301",
                "sha256:068115e13c70dc5982dfc00c5d70437fe37c014c808acce119b5448361c03725",
                "sha256:26e7fd115a6db75267b325de0fba089b911a4a12ebd3d0b5e7acb7028bc46821",
                "sha256:56007a226b8e95aa980ada7abdea6b40b75ce62a433bd27cec7a8178d57f4051",
                "sha256:56fee7f818d032f802b8eed81ef0c1232b8b42390df189cab9cfa87573fe52c5",
                "sha256:6a3d9efb6f36f1fe6aa8dbb5af55e067db802502c55a9defa47c5a1dad41df84",
                "sha256:a49833abfdede8985ba3f3ec641f771cca215479f41523e99dace96d5b8cce2a",
                "sha256:ad2fe8a37be669082e61fb001c185ffb58867fdbb3e7a6b0b0d2ffe232353a3e",
                "sha256:b8cae8b2f022efa1f011cc753adb9cbadfa5a184431d09b273fb49b4167561ad",
                "sha256:d160744652e81c80627a909a0e808f3c6653a40af435744de037e3172cf277f5",
                "sha256:f22ea9b67aea4f4a1718300908a2fb62b3e4276cf00bd829a97ab5894af42ea3",
                "sha256:f974c96fca34ae9e4f49839ba6b78addf0346777b46c4da27a7bf54f48d3057d",
                "sha256:fb23f6c71107c37fd667cb4ea363ddeb936b348bbd6449278eb92c189699f543"
            ],
            "index": "pypi",
            "version": "==2.8.6"
        },
        "scrypt": {
            "hashes": [
                "sha256:086a358f5b1a26fa88756449205caab4ff810b01e770a2491b6a2c1ac566d2e0",
                "sha256:08e40aaf1da834a4b42bd783e428400b3c1e6f2902ea2aa52f043df7694265f8",
                "sha256:0e8c136c58e2f032591cb6ce6e22932a78fb1dc01dd61ee0c831eb3abaaf074f",
                "sha256:122161709b57dc41969047dbcb5a2a9dde4a4f45ac6a8340d29fcd06d505690d",
                "sha256:156af0077ad7aadf465acd9eed8598d70155febdd92b297b9be3581152674a4d",
                "sha256:196f5886f58d5a28b6bc4de7785a1baa9062c6a8db0f03a9b8fa4ba2ecdf4216",
                "sha256:1b8b37a3a617a05a7b6462153a9de520eb73334d950cc325c8653f7d7d4248dd",
                "sha256:25b5075f2238be93af1cd574540a5ea01b8547f9b678aa72d22fce22577475ec",
                "sha256:29a7eb73ca820e7fb5142d3f0a25d5ae1964241c14ed1bc819d0270ce8449f1c",
                "sha256:2bc2e53d465c633f153b32e838b2de70846eb682f89b28e4f0331d9d6ffc38c9",
                "sha256:32a3fd35c0705730bf98dcd8e83d55e425b6d1c27e84bd93020091c6d480a896",
                "sha256:3cf66c54ed2802183a8ca893e539a2d41c76921a84d4060eb34aaacf9772f150",
                "sha256:3da63fb585db00fb513d9ca002338e5905c46a1b4a57acfffa4a94aacfdc71e8",
                "sha256:3e68c49ef02d680256ff47f69d8fa353cc97ecda7beee53893777bd70a4a5195",
                "sha256:401bfb4341e206189bba5530cdc5c55ef4f0f20be289603dbe403785014da3cf",
                "sha256:41aaa6c7eeb988a0513b59b81baecf05ea07f2d9cae90abe438ba37b670e8140",
                "sha256:5280d76572a7fc4ce7c08ededbf080713a6739fb233e69696c65b21adbe68436",
                "sha256:6ee0adceb76564294be62a8c6cd8da65b452e0a9700185a4c3127bce8596ca28",
                "sha256:72a8c2d9f4243dc1b0008bf485b024c0af0f4e5663c4f7c78a829c03e124d9d8",
                "sha256:75be7e3df7dbbfd2310d7318c4b0d182337b2b61c31e22243b707d3b1c3d6c4a",
                "sha256:857762b699839aca3eec9a0994c35d944d31d8c16888330a9428a2a7e5f77b5a",
                "sha256:9915b8fbf9458d809c7be54c4b44d1fb09d293c25627500ce95c1c60bfd3884d",
                "sha256:a316bff96a046f69e75414dcfaccaa56426db32482533936ccc4e628e89e23fd",
                "sha256:a3dc95763f1254141c483277c5bf5dd49fee9d0f4b5076ba952f0db88fc73ea3",
                "sha256:a6bd5f6088e5088e3db83e9658c5ddbd70bf06c0e2e92d6855677dc655c51192",
                "sha256:a8e24b40de6bab8531edf55d7506c309d6b03117ce34ab422152049f9e47836e",
                "sha256:a8f6669d9d0a94708b9c32cc8eb9502e3142d6cb81f59d4d79fe6b5b31d49156",
                "sha256:bd26bde77e7e6ddc1049c1402efc4a0c14e5f283c29a54f9c3e7117a95df46af",
                "sha256:bdaa38710f46f940b9d091d8748585562966077c71e8619d52f42ad82382d014",
                "sha256:c34ebd77a85ac97203a0eff0d6963f650686677f3e2ebc8e3eb3e54a76211992",
                "sha256:cb8f7cec9d8e5aa1e20f3672b66216ffd9f72f2d4b665963ceb4bd0c705ad798",
                "sha256:dae9bc00391fab92d89b78006c494d97ec6a43e5fb266efaacdae1243eb123e4",
                "sha256:e2fc402b14aeec6d6ce3df4347a0a55a543463f53a40901bff269b1992e0ad72",
                "sha256:fb9167846ecaafdaf7782a531bc5e4fdbd8334521cbaa407808496b9d914bd0e"
            ],
            "index": "pypi",
            "version": "==0.8.17"
        },
        "websockets": {
            "hashes": [
                "sha256:0e4fb4de42701340bd2353bb2eee45314651caa6ccee80dbd5f5d5978888fed5",
                "sha256:1d3f1bf059d04a4e0eb4985a887d49195e15ebabc42364f4eb564b1d065793f5",
                "sha256:20891f0dddade307ffddf593c733a3fdb6b83e6f9eef85908113e628fa5a8308",
                "sha256:295359a2cc78736737dd88c343cd0747546b2174b5e1adc223824bcaf3e164cb",
                "sha256:2db62a9142e88535038a6bcfea70ef9447696ea77891aebb730a333a51ed559a",
                "sha256:3762791ab8b38948f0c4d281c8b2ddfa99b7e510e46bd8dfa942a5fff621068c",
                "sha256:3db87421956f1b0779a7564915875ba774295cc86e81bc671631379371af1170",
                "sha256:3ef56fcc7b1ff90de46ccd5a687bbd13a3180132268c4254fc0fa44ecf4fc422",
                "sha256:4f9f7d28ce1d8f1295717c2c25b732c2bc0645db3215cf757551c392177d7cb8",
                "sha256:5c01fd846263a75bc8a2b9542606927cfad57e7282965d96b93c387622487485",
                "sha256:5c65d2da8c6bce0fca2528f69f44b2f977e06954c8512a952222cea50dad430f",
                "sha256:751a556205d8245ff94aeef23546a1113b1dd4f6e4d102ded66c39b99c2ce6c8",
                "sha256:7ff46d441db78241f4c6c27b3868c9ae71473fe03341340d2dfdbe8d79310acc",
                "sha256:965889d9f0e2a75edd81a07592d0ced54daa5b0785f57dc429c378edbcffe779",
                "sha256:9b248ba3dd8a03b1a10b19efe7d4f7fa41d158fdaa95e2cf65af5a7b95a4f989",
                "sha256:9bef37ee224e104a413f0780e29adb3e514a5b698aabe0d969a6ba426b8435d1",
                "sha256:c1ec8db4fac31850286b7cd3b9c0e1b944204668b8eb721674916d4e28744092",
                "sha256:c8a116feafdb1f84607cb3b14aa1418424ae71fee131642fc568d21423b51824",
                "sha256:ce85b06a10fc65e6143518b96d3dca27b081a740bae261c2fb20375801a9d56d",
                "sha256:d705f8aeecdf3262379644e4b55107a3b55860eb812b673b28d0fbc347a60c55",
                "sha256:e898a0863421650f0bebac8ba40840fc02258ef4714cb7e1fd76b6a6354bda36",
                "sha256:f8a7bff6e8664afc4e6c28b983845c5bc14965030e3fb98789734d416af77c4b"
            ],
            "index": "pypi",
            "version": "==8.1"
        }
    },
    "develop": {}
}
